
Microsoft Visual Studio Solution File, Format Version 12.00
# Visual Studio Version 17
VisualStudioVersion = 17.14.36301.6 d17.14
MinimumVisualStudioVersion = 10.0.40219.1
Project("{FAE04EC0-301F-11D3-BF4B-00C04F79EFBC}") = "HRM.WEB", "HRM.WEB\HRM.WEB.csproj", "{CAE9F2B2-8B9F-415D-A181-624B9BF74D70}"
EndProject
Global
	GlobalSection(SolutionConfigurationPlatforms) = preSolution
		Debug|Any CPU = Debug|Any CPU
		Release|Any CPU = Release|Any CPU
	EndGlobalSection
	GlobalSection(ProjectConfigurationPlatforms) = postSolution
		{CAE9F2B2-8B9F-415D-A181-624B9BF74D70}.Debug|Any CPU.ActiveCfg = Debug|Any CPU
		{CAE9F2B2-8B9F-415D-A181-624B9BF74D70}.Debug|Any CPU.Build.0 = Debug|Any CPU
		{CAE9F2B2-8B9F-415D-A181-624B9BF74D70}.Release|Any CPU.ActiveCfg = Release|Any CPU
		{CAE9F2B2-8B9F-415D-A181-624B9BF74D70}.Release|Any CPU.Build.0 = Release|Any CPU
	EndGlobalSection
	GlobalSection(SolutionProperties) = preSolution
		HideSolutionNode = FALSE
	EndGlobalSection
	GlobalSection(ExtensibilityGlobals) = postSolution
		SolutionGuid = {FD1ED59F-C109-4A51-BE7E-BEAD4A6DF251}
	EndGlobalSection
EndGlobal
